
Microsoft Visual Studio Solution File, Format Version 12.00
# Visual Studio Version 16
VisualStudioVersion = 16.0.29411.108
MinimumVisualStudioVersion = 10.0.40219.1
Project("{8BC9CEB8-8B4A-11D0-8D11-00A0C91BC942}") = "rtsp_client", "rtsp_client\rtsp_client.vcxproj", "{0F87910A-ADD2-4F00-BDDB-1746E49C533C}"
EndProject
Project("{8BC9CEB8-8B4A-11D0-8D11-00A0C91BC942}") = "rtsp_server", "rtsp_server\rtsp_server.vcxproj", "{AD413E68-BCF5-47A2-A648-407D3F209503}"
EndProject
Global
	GlobalSection(SolutionConfigurationPlatforms) = preSolution
		Debug|x64 = Debug|x64
		Release|x64 = Release|x64
	EndGlobalSection
	GlobalSection(ProjectConfigurationPlatforms) = postSolution
		{0F87910A-ADD2-4F00-BDDB-1746E49C533C}.Debug|x64.ActiveCfg = Debug|x64
		{0F87910A-ADD2-4F00-BDDB-1746E49C533C}.Debug|x64.Build.0 = Debug|x64
		{0F87910A-ADD2-4F00-BDDB-1746E49C533C}.Release|x64.ActiveCfg = Release|x64
		{0F87910A-ADD2-4F00-BDDB-1746E49C533C}.Release|x64.Build.0 = Release|x64
		{AD413E68-BCF5-47A2-A648-407D3F209503}.Debug|x64.ActiveCfg = Debug|x64
		{AD413E68-BCF5-47A2-A648-407D3F209503}.Debug|x64.Build.0 = Debug|x64
		{AD413E68-BCF5-47A2-A648-407D3F209503}.Release|x64.ActiveCfg = Release|x64
		{AD413E68-BCF5-47A2-A648-407D3F209503}.Release|x64.Build.0 = Release|x64
	EndGlobalSection
	GlobalSection(SolutionProperties) = preSolution
		HideSolutionNode = FALSE
	EndGlobalSection
	GlobalSection(ExtensibilityGlobals) = postSolution
		SolutionGuid = {2E087951-056B-4AC1-86A8-51436131FF9C}
	EndGlobalSection
EndGlobal
